
Microsoft Visual Studio Solution File, Format Version 12.00
# Visual Studio Version 17
VisualStudioVersion = 17.7.34024.191
MinimumVisualStudioVersion = 10.0.40219.1
Project("{FAE04EC0-301F-11D3-BF4B-00C04F79EFBC}") = "ImageApp", "ImageApp\ImageApp.csproj", "{C961392E-8809-485C-9DD3-6056D2E56436}"
EndProject
Global
	GlobalSection(SolutionConfigurationPlatforms) = preSolution
		Debug|Any CPU = Debug|Any CPU
		Release|Any CPU = Release|Any CPU
	EndGlobalSection
	GlobalSection(ProjectConfigurationPlatforms) = postSolution
		{C961392E-8809-485C-9DD3-6056D2E56436}.Debug|Any CPU.ActiveCfg = Debug|Any CPU
		{C961392E-8809-485C-9DD3-6056D2E56436}.Debug|Any CPU.Build.0 = Debug|Any CPU
		{C961392E-8809-485C-9DD3-6056D2E56436}.Release|Any CPU.ActiveCfg = Release|Any CPU
		{C961392E-8809-485C-9DD3-6056D2E56436}.Release|Any CPU.Build.0 = Release|Any CPU
	EndGlobalSection
	GlobalSection(SolutionProperties) = preSolution
		HideSolutionNode = FALSE
	EndGlobalSection
	GlobalSection(ExtensibilityGlobals) = postSolution
		SolutionGuid = {7461BFCE-F5E0-414E-ADBC-FCD44ECE66B6}
	EndGlobalSection
EndGlobal
